
Microsoft Visual Studio Solution File, Format Version 12.00
# Visual Studio Version 17
VisualStudioVersion = 17.3.32825.248
MinimumVisualStudioVersion = 10.0.40219.1
Project("{FAE04EC0-301F-11D3-BF4B-00C04F79EFBC}") = "Calc", "Calc\Calc.csproj", "{37D4D2B5-3721-4AAD-A565-DBF5A22B4722}"
EndProject
Project("{FAE04EC0-301F-11D3-BF4B-00C04F79EFBC}") = "MyCalcTest", "MyCalcTest\MyCalcTest.csproj", "{10528266-5D01-4B49-B7EF-A8CB64E3FD80}"
EndProject
Global
	GlobalSection(SolutionConfigurationPlatforms) = preSolution
		Debug|Any CPU = Debug|Any CPU
		Release|Any CPU = Release|Any CPU
	EndGlobalSection
	GlobalSection(ProjectConfigurationPlatforms) = postSolution
		{37D4D2B5-3721-4AAD-A565-DBF5A22B4722}.Debug|Any CPU.ActiveCfg = Debug|Any CPU
		{37D4D2B5-3721-4AAD-A565-DBF5A22B4722}.Debug|Any CPU.Build.0 = Debug|Any CPU
		{37D4D2B5-3721-4AAD-A565-DBF5A22B4722}.Release|Any CPU.ActiveCfg = Release|Any CPU
		{37D4D2B5-3721-4AAD-A565-DBF5A22B4722}.Release|Any CPU.Build.0 = Release|Any CPU
		{10528266-5D01-4B49-B7EF-A8CB64E3FD80}.Debug|Any CPU.ActiveCfg = Debug|Any CPU
		{10528266-5D01-4B49-B7EF-A8CB64E3FD80}.Debug|Any CPU.Build.0 = Debug|Any CPU
		{10528266-5D01-4B49-B7EF-A8CB64E3FD80}.Release|Any CPU.ActiveCfg = Release|Any CPU
		{10528266-5D01-4B49-B7EF-A8CB64E3FD80}.Release|Any CPU.Build.0 = Release|Any CPU
	EndGlobalSection
	GlobalSection(SolutionProperties) = preSolution
		HideSolutionNode = FALSE
	EndGlobalSection
	GlobalSection(ExtensibilityGlobals) = postSolution
		SolutionGuid = {6C105262-CE22-4771-A432-F18BF48DF8DB}
	EndGlobalSection
EndGlobal
